<?xml version="1.0" encoding="utf-8"?>
<Project ToolsVersion="4.0" xmlns="http://schemas.microsoft.com/developer/msbuild/2003">
  <ItemGroup>
    <Filter Include="Source Files">
      <UniqueIdentifier>{4FC737F1-C7A5-4376-A066-2A32D752A2FF}</UniqueIdentifier>
      <Extensions>cpp;c;cc;cxx;def;odl;idl;hpj;bat;asm;asmx</Extensions>
    </Filter>
    <Filter Include="Header Files">
      <UniqueIdentifier>{93995380-89BD-4b04-88EB-625FBE52EBFB}</UniqueIdentifier>
      <Extensions>h;hpp;hxx;hm;inl;inc;xsd</Extensions>
    </Filter>
    <Filter Include="Resource Files">
      <UniqueIdentifier>{67DA6AB6-F800-4c08-8B7A-83BB121AAD01}</UniqueIdentifier>
      <Extensions>rc;ico;cur;bmp;dlg;rc2;rct;bin;rgs;gif;jpg;jpeg;jpe;resx;tiff;tif;png;wav;mfcribbon-ms</Extensions>
    </Filter>
    <Filter Include="Polyhedron">
      <UniqueIdentifier>{0a461a14-9f27-4421-8779-d267042e572d}</UniqueIdentifier>
    </Filter>
    <Filter Include="Glsl">
      <UniqueIdentifier>{69e7a6c8-eb43-43b7-9dd6-e766a07a540d}</UniqueIdentifier>
    </Filter>
  </ItemGroup>
  <ItemGroup>
    <None Include="ReadMe.txt" />
    <None Include="res\TenVis.rc2">
      <Filter>Resource Files</Filter>
    </None>
    <None Include="res\TenVisDoc.ico">
      <Filter>Resource Files</Filter>
    </None>
    <None Include="res\TenVis.ico">
      <Filter>Resource Files</Filter>
    </None>
    <None Include="ClassDiagram1.cd" />
    <None Include="Glsl\tenVis.frag">
      <Filter>Glsl</Filter>
    </None>
    <None Include="Glsl\tenVis.vert">
      <Filter>Glsl</Filter>
    </None>
  </ItemGroup>
  <ItemGroup>
    <ClInclude Include="TenVis.h">
      <Filter>Header Files</Filter>
    </ClInclude>
    <ClInclude Include="stdafx.h">
      <Filter>Header Files</Filter>
    </ClInclude>
    <ClInclude Include="targetver.h">
      <Filter>Header Files</Filter>
    </ClInclude>
    <ClInclude Include="MainFrm.h">
      <Filter>Header Files</Filter>
    </ClInclude>
    <ClInclude Include="TenVisDoc.h">
      <Filter>Header Files</Filter>
    </ClInclude>
    <ClInclude Include="Resource.h">
      <Filter>Header Files</Filter>
    </ClInclude>
    <ClInclude Include="TransControlView.h">
      <Filter>Header Files</Filter>
    </ClInclude>
    <ClInclude Include="GraphViewContainerView.h">
      <Filter>Header Files</Filter>
    </ClInclude>
    <ClInclude Include="TabPage2.h">
      <Filter>Header Files</Filter>
    </ClInclude>
    <ClInclude Include="TabPage0.h">
      <Filter>Header Files</Filter>
    </ClInclude>
    <ClInclude Include="TabPage1.h">
      <Filter>Header Files</Filter>
    </ClInclude>
    <ClInclude Include="MyTabCtrl.h">
      <Filter>Header Files</Filter>
    </ClInclude>
    <ClInclude Include="3DContainerView.h">
      <Filter>Header Files</Filter>
    </ClInclude>
    <ClInclude Include="3DWindow.h">
      <Filter>Header Files</Filter>
    </ClInclude>
    <ClInclude Include="InputView.h">
      <Filter>Header Files</Filter>
    </ClInclude>
    <ClInclude Include="FieldRenderer.h">
      <Filter>Header Files</Filter>
    </ClInclude>
    <ClInclude Include="Angle.h">
      <Filter>Header Files</Filter>
    </ClInclude>
    <ClInclude Include="Quaternion.h">
      <Filter>Header Files</Filter>
    </ClInclude>
    <ClInclude Include="CommonHeader.h">
      <Filter>Header Files</Filter>
    </ClInclude>
    <ClInclude Include="Vector.h">
      <Filter>Header Files</Filter>
    </ClInclude>
    <ClInclude Include="Matrix.h">
      <Filter>Header Files</Filter>
    </ClInclude>
    <ClInclude Include="Config.h">
      <Filter>Header Files</Filter>
    </ClInclude>
    <ClInclude Include="VisOpManager.h">
      <Filter>Header Files</Filter>
    </ClInclude>
    <ClInclude Include="Polyhedron\ply.h">
      <Filter>Polyhedron</Filter>
    </ClInclude>
    <ClInclude Include="Polyhedron\Polyhedron.h">
      <Filter>Polyhedron</Filter>
    </ClInclude>
    <ClInclude Include="Polyhedron\Polyhedron_io.h">
      <Filter>Polyhedron</Filter>
    </ClInclude>
    <ClInclude Include="FieldMaster.h">
      <Filter>Header Files</Filter>
    </ClInclude>
    <ClInclude Include="Glsl\glslProgram.h">
      <Filter>Glsl</Filter>
    </ClInclude>
  </ItemGroup>
  <ItemGroup>
    <ClCompile Include="TenVis.cpp">
      <Filter>Source Files</Filter>
    </ClCompile>
    <ClCompile Include="stdafx.cpp">
      <Filter>Source Files</Filter>
    </ClCompile>
    <ClCompile Include="MainFrm.cpp">
      <Filter>Source Files</Filter>
    </ClCompile>
    <ClCompile Include="TenVisDoc.cpp">
      <Filter>Source Files</Filter>
    </ClCompile>
    <ClCompile Include="TenVisView.cpp">
      <Filter>Source Files</Filter>
    </ClCompile>
    <ClCompile Include="InputView.cpp">
      <Filter>Source Files</Filter>
    </ClCompile>
    <ClCompile Include="TransControlView.cpp">
      <Filter>Source Files</Filter>
    </ClCompile>
    <ClCompile Include="GraphViewContainerView.cpp">
      <Filter>Source Files</Filter>
    </ClCompile>
    <ClCompile Include="TabPage2.cpp">
      <Filter>Source Files</Filter>
    </ClCompile>
    <ClCompile Include="TabPage0.cpp">
      <Filter>Source Files</Filter>
    </ClCompile>
    <ClCompile Include="TabPage1.cpp">
      <Filter>Source Files</Filter>
    </ClCompile>
    <ClCompile Include="MyTabCtrl.cpp">
      <Filter>Source Files</Filter>
    </ClCompile>
    <ClCompile Include="3DContainerView.cpp">
      <Filter>Source Files</Filter>
    </ClCompile>
    <ClCompile Include="3DWindow.cpp">
      <Filter>Source Files</Filter>
    </ClCompile>
    <ClCompile Include="FieldRenderer.cpp">
      <Filter>Source Files</Filter>
    </ClCompile>
    <ClCompile Include="VisOpManager.cpp">
      <Filter>Source Files</Filter>
    </ClCompile>
    <ClCompile Include="Polyhedron\ply.cpp">
      <Filter>Polyhedron</Filter>
    </ClCompile>
    <ClCompile Include="FieldMaster.cpp">
      <Filter>Source Files</Filter>
    </ClCompile>
    <ClCompile Include="Glsl\glslProgram.cpp">
      <Filter>Glsl</Filter>
    </ClCompile>
    <ClCompile Include="Polyhedron\Polyhedron.cpp">
      <Filter>Polyhedron</Filter>
    </ClCompile>
  </ItemGroup>
  <ItemGroup>
    <ResourceCompile Include="TenVis.rc">
      <Filter>Resource Files</Filter>
    </ResourceCompile>
  </ItemGroup>
</Project>